
Microsoft Visual Studio Solution File, Format Version 9.00
# Visual Studio 2005
Project("{FAE04EC0-301F-11D3-BF4B-00C04F79EFBC}") = "RadioTimePlugin", "RadioTimePlugin\RadioTimePlugin.csproj", "{45A603C0-BDA2-4FF0-B5B6-D066F0864A34}"
EndProject
Global
	GlobalSection(SolutionConfigurationPlatforms) = preSolution
		Debug|Any CPU = Debug|Any CPU
		Release|Any CPU = Release|Any CPU
	EndGlobalSection
	GlobalSection(ProjectConfigurationPlatforms) = postSolution
		{45A603C0-BDA2-4FF0-B5B6-D066F0864A34}.Debug|Any CPU.ActiveCfg = Debug|Any CPU
		{45A603C0-BDA2-4FF0-B5B6-D066F0864A34}.Debug|Any CPU.Build.0 = Debug|Any CPU
		{45A603C0-BDA2-4FF0-B5B6-D066F0864A34}.Release|Any CPU.ActiveCfg = Release|Any CPU
		{45A603C0-BDA2-4FF0-B5B6-D066F0864A34}.Release|Any CPU.Build.0 = Release|Any CPU
	EndGlobalSection
	GlobalSection(SolutionProperties) = preSolution
		HideSolutionNode = FALSE
	EndGlobalSection
EndGlobal
